{
  "name": "entity-builder-poc",
  "version": "1.0.0",
  "lockfileVersion": 3,
  "requires": true,
  "packages": {
    "": {
      "name": "entity-builder-poc",
      "version": "1.0.0",
      "license": "MIT",
      "devDependencies": {
        "@types/office-js": "^1.0.395",
        "typescript": "^5.4.5"
      }
    },
    "node_modules/@types/office-js": {
      "version": "1.0.395",
      "resolved": "https://registry.npmjs.org/@types/office-js/-/office-js-1.0.395.tgz",
      "integrity": "sha512-IPKqYkY92XqjM21De3gE1JYsnQ3Q8jIkdLvKPAHO4bg2QCIlJgXj28llwns49B15jtDAzSOOiwYjHzXftPNx2A==",
      "dev": true
    },
    "node_modules/typescript": {
      "version": "5.4.5",
      "resolved": "https://registry.npmjs.org/typescript/-/typescript-5.4.5.tgz",
      "integrity": "sha512-vcI4UpRgg81oIRUFwR0WSIHKt11nJ7SAVlYNIu+QpqeyXP+gpQJy/Z4+F0aGxSE4MqwjyXvW/TzgkLAx2AGHwQ==",
      "dev": true,
      "bin": {
        "tsc": "bin/tsc",
        "tsserver": "bin/tsserver"
      },
      "engines": {
        "node": ">=14.17"
      }
    }
  }
}
